
Microsoft Visual Studio Solution File, Format Version 12.00
# Visual Studio 15
VisualStudioVersion = 15.0.26124.0
MinimumVisualStudioVersion = 15.0.26124.0
Project("{2150E333-8FDC-42A3-9474-1A3956D46DE8}") = "Src", "Src", "{34646CFC-1475-48CD-B468-590D12BE4A76}"
EndProject
Project("{FAE04EC0-301F-11D3-BF4B-00C04F79EFBC}") = "LODomain", "Src\LODomain\LODomain.csproj", "{4210A13D-7D46-477E-96D5-3B8A5EB0E1DB}"
EndProject
Project("{FAE04EC0-301F-11D3-BF4B-00C04F79EFBC}") = "LOConsole", "Src\LOConsole\LOConsole.csproj", "{1FB9541B-904C-40AA-83D2-01D691A55668}"
EndProject
Project("{2150E333-8FDC-42A3-9474-1A3956D46DE8}") = "Test", "Test", "{1EE15DA6-5D54-4F4D-86E8-3965E08D53A6}"
EndProject
Project("{FAE04EC0-301F-11D3-BF4B-00C04F79EFBC}") = "LODomain.Test", "Test\LODomain.Test\LODomain.Test.csproj", "{F42BA54E-51FE-4730-A49D-52FC3041BCC0}"
EndProject
Project("{FAE04EC0-301F-11D3-BF4B-00C04F79EFBC}") = "Common", "Src\Common\Common.csproj", "{414ED4FD-987D-4101-A0A8-48637652D6B7}"
EndProject
Global
	GlobalSection(SolutionConfigurationPlatforms) = preSolution
		Debug|Any CPU = Debug|Any CPU
		Debug|x64 = Debug|x64
		Debug|x86 = Debug|x86
		Release|Any CPU = Release|Any CPU
		Release|x64 = Release|x64
		Release|x86 = Release|x86
	EndGlobalSection
	GlobalSection(SolutionProperties) = preSolution
		HideSolutionNode = FALSE
	EndGlobalSection
	GlobalSection(ProjectConfigurationPlatforms) = postSolution
		{4210A13D-7D46-477E-96D5-3B8A5EB0E1DB}.Debug|Any CPU.ActiveCfg = Debug|Any CPU
		{4210A13D-7D46-477E-96D5-3B8A5EB0E1DB}.Debug|Any CPU.Build.0 = Debug|Any CPU
		{4210A13D-7D46-477E-96D5-3B8A5EB0E1DB}.Debug|x64.ActiveCfg = Debug|Any CPU
		{4210A13D-7D46-477E-96D5-3B8A5EB0E1DB}.Debug|x64.Build.0 = Debug|Any CPU
		{4210A13D-7D46-477E-96D5-3B8A5EB0E1DB}.Debug|x86.ActiveCfg = Debug|Any CPU
		{4210A13D-7D46-477E-96D5-3B8A5EB0E1DB}.Debug|x86.Build.0 = Debug|Any CPU
		{4210A13D-7D46-477E-96D5-3B8A5EB0E1DB}.Release|Any CPU.ActiveCfg = Release|Any CPU
		{4210A13D-7D46-477E-96D5-3B8A5EB0E1DB}.Release|Any CPU.Build.0 = Release|Any CPU
		{4210A13D-7D46-477E-96D5-3B8A5EB0E1DB}.Release|x64.ActiveCfg = Release|Any CPU
		{4210A13D-7D46-477E-96D5-3B8A5EB0E1DB}.Release|x64.Build.0 = Release|Any CPU
		{4210A13D-7D46-477E-96D5-3B8A5EB0E1DB}.Release|x86.ActiveCfg = Release|Any CPU
		{4210A13D-7D46-477E-96D5-3B8A5EB0E1DB}.Release|x86.Build.0 = Release|Any CPU
		{1FB9541B-904C-40AA-83D2-01D691A55668}.Debug|Any CPU.ActiveCfg = Debug|Any CPU
		{1FB9541B-904C-40AA-83D2-01D691A55668}.Debug|Any CPU.Build.0 = Debug|Any CPU
		{1FB9541B-904C-40AA-83D2-01D691A55668}.Debug|x64.ActiveCfg = Debug|Any CPU
		{1FB9541B-904C-40AA-83D2-01D691A55668}.Debug|x64.Build.0 = Debug|Any CPU
		{1FB9541B-904C-40AA-83D2-01D691A55668}.Debug|x86.ActiveCfg = Debug|Any CPU
		{1FB9541B-904C-40AA-83D2-01D691A55668}.Debug|x86.Build.0 = Debug|Any CPU
		{1FB9541B-904C-40AA-83D2-01D691A55668}.Release|Any CPU.ActiveCfg = Release|Any CPU
		{1FB9541B-904C-40AA-83D2-01D691A55668}.Release|Any CPU.Build.0 = Release|Any CPU
		{1FB9541B-904C-40AA-83D2-01D691A55668}.Release|x64.ActiveCfg = Release|Any CPU
		{1FB9541B-904C-40AA-83D2-01D691A55668}.Release|x64.Build.0 = Release|Any CPU
		{1FB9541B-904C-40AA-83D2-01D691A55668}.Release|x86.ActiveCfg = Release|Any CPU
		{1FB9541B-904C-40AA-83D2-01D691A55668}.Release|x86.Build.0 = Release|Any CPU
		{F42BA54E-51FE-4730-A49D-52FC3041BCC0}.Debug|Any CPU.ActiveCfg = Debug|Any CPU
		{F42BA54E-51FE-4730-A49D-52FC3041BCC0}.Debug|Any CPU.Build.0 = Debug|Any CPU
		{F42BA54E-51FE-4730-A49D-52FC3041BCC0}.Debug|x64.ActiveCfg = Debug|Any CPU
		{F42BA54E-51FE-4730-A49D-52FC3041BCC0}.Debug|x64.Build.0 = Debug|Any CPU
		{F42BA54E-51FE-4730-A49D-52FC3041BCC0}.Debug|x86.ActiveCfg = Debug|Any CPU
		{F42BA54E-51FE-4730-A49D-52FC3041BCC0}.Debug|x86.Build.0 = Debug|Any CPU
		{F42BA54E-51FE-4730-A49D-52FC3041BCC0}.Release|Any CPU.ActiveCfg = Release|Any CPU
		{F42BA54E-51FE-4730-A49D-52FC3041BCC0}.Release|Any CPU.Build.0 = Release|Any CPU
		{F42BA54E-51FE-4730-A49D-52FC3041BCC0}.Release|x64.ActiveCfg = Release|Any CPU
		{F42BA54E-51FE-4730-A49D-52FC3041BCC0}.Release|x64.Build.0 = Release|Any CPU
		{F42BA54E-51FE-4730-A49D-52FC3041BCC0}.Release|x86.ActiveCfg = Release|Any CPU
		{F42BA54E-51FE-4730-A49D-52FC3041BCC0}.Release|x86.Build.0 = Release|Any CPU
		{414ED4FD-987D-4101-A0A8-48637652D6B7}.Debug|Any CPU.ActiveCfg = Debug|Any CPU
		{414ED4FD-987D-4101-A0A8-48637652D6B7}.Debug|Any CPU.Build.0 = Debug|Any CPU
		{414ED4FD-987D-4101-A0A8-48637652D6B7}.Debug|x64.ActiveCfg = Debug|Any CPU
		{414ED4FD-987D-4101-A0A8-48637652D6B7}.Debug|x64.Build.0 = Debug|Any CPU
		{414ED4FD-987D-4101-A0A8-48637652D6B7}.Debug|x86.ActiveCfg = Debug|Any CPU
		{414ED4FD-987D-4101-A0A8-48637652D6B7}.Debug|x86.Build.0 = Debug|Any CPU
		{414ED4FD-987D-4101-A0A8-48637652D6B7}.Release|Any CPU.ActiveCfg = Release|Any CPU
		{414ED4FD-987D-4101-A0A8-48637652D6B7}.Release|Any CPU.Build.0 = Release|Any CPU
		{414ED4FD-987D-4101-A0A8-48637652D6B7}.Release|x64.ActiveCfg = Release|Any CPU
		{414ED4FD-987D-4101-A0A8-48637652D6B7}.Release|x64.Build.0 = Release|Any CPU
		{414ED4FD-987D-4101-A0A8-48637652D6B7}.Release|x86.ActiveCfg = Release|Any CPU
		{414ED4FD-987D-4101-A0A8-48637652D6B7}.Release|x86.Build.0 = Release|Any CPU
	EndGlobalSection
	GlobalSection(NestedProjects) = preSolution
		{4210A13D-7D46-477E-96D5-3B8A5EB0E1DB} = {34646CFC-1475-48CD-B468-590D12BE4A76}
		{1FB9541B-904C-40AA-83D2-01D691A55668} = {34646CFC-1475-48CD-B468-590D12BE4A76}
		{F42BA54E-51FE-4730-A49D-52FC3041BCC0} = {1EE15DA6-5D54-4F4D-86E8-3965E08D53A6}
		{414ED4FD-987D-4101-A0A8-48637652D6B7} = {34646CFC-1475-48CD-B468-590D12BE4A76}
	EndGlobalSection
EndGlobal
